{
  "name": "Calculator",
  "lockfileVersion": 2,
  "requires": true,
  "packages": {
    "": {
      "dependencies": {
        "custom-built-cursor": "^1.0.0"
      }
    },
    "node_modules/custom-built-cursor": {
      "version": "1.0.0",
      "resolved": "https://registry.npmjs.org/custom-built-cursor/-/custom-built-cursor-1.0.0.tgz",
      "integrity": "sha512-XphGcZQdBIN523G+42dE15zIaXVwgZ2Cv00FurpSSreTF3+MwprVSI3URUNNQgCzz2UOgwrPbd+2GXjmWmgN+g=="
    }
  },
  "dependencies": {
    "custom-built-cursor": {
      "version": "1.0.0",
      "resolved": "https://registry.npmjs.org/custom-built-cursor/-/custom-built-cursor-1.0.0.tgz",
      "integrity": "sha512-XphGcZQdBIN523G+42dE15zIaXVwgZ2Cv00FurpSSreTF3+MwprVSI3URUNNQgCzz2UOgwrPbd+2GXjmWmgN+g=="
    }
  }
}
